// !$*UTF8*$!
{
	archiveVersion = 1;
	classes = {
	};
	objectVersion = 56;
	objects = {

/* Begin PBXBuildFile section */
		C2B15D383AB26AAE372DBA85 /* Pods_DayTown.framework in Frameworks */ = {isa = PBXBuildFile; fileRef = 07711EAEBF7408D5F3FB8E7B /* Pods_DayTown.framework */; };
		D72F93B52B3EBEA30017FFEB /* AppConfig.swift in Sources */ = {isa = PBXBuildFile; fileRef = D72F93B42B3EBEA30017FFEB /* AppConfig.swift */; };
		D72F93B72B3EBF020017FFEB /* atlasConfig.plist in Resources */ = {isa = PBXBuildFile; fileRef = D72F93B62B3EBF020017FFEB /* atlasConfig.plist */; };
		D72F93BA2B3EC2E60017FFEB /* LoginView.swift in Sources */ = {isa = PBXBuildFile; fileRef = D72F93B92B3EC2E60017FFEB /* LoginView.swift */; };
		D72F93BC2B3ED8DA0017FFEB /* LoginViewModel.swift in Sources */ = {isa = PBXBuildFile; fileRef = D72F93BB2B3ED8DA0017FFEB /* LoginViewModel.swift */; };
		D72F93BE2B3EDFC40017FFEB /* OpenRealmView.swift in Sources */ = {isa = PBXBuildFile; fileRef = D72F93BD2B3EDFC40017FFEB /* OpenRealmView.swift */; };
		D72F93C02B3EE3730017FFEB /* ErrorView.swift in Sources */ = {isa = PBXBuildFile; fileRef = D72F93BF2B3EE3730017FFEB /* ErrorView.swift */; };
		D72F93C22B3F4C540017FFEB /* LogoutButton.swift in Sources */ = {isa = PBXBuildFile; fileRef = D72F93C12B3F4C540017FFEB /* LogoutButton.swift */; };
		D754FFF02B2CBF21005E89F1 /* TodoModel.swift in Sources */ = {isa = PBXBuildFile; fileRef = D754FFEF2B2CBF21005E89F1 /* TodoModel.swift */; };
		D7661B592B628097002ADCCE /* AddGroupView.swift in Sources */ = {isa = PBXBuildFile; fileRef = D7661B582B628097002ADCCE /* AddGroupView.swift */; };
		D76880AC2B235CBD0038CA8A /* DayTownApp.swift in Sources */ = {isa = PBXBuildFile; fileRef = D76880AB2B235CBD0038CA8A /* DayTownApp.swift */; };
		D76880AE2B235CBD0038CA8A /* ContentView.swift in Sources */ = {isa = PBXBuildFile; fileRef = D76880AD2B235CBD0038CA8A /* ContentView.swift */; };
		D76880B02B235CBF0038CA8A /* Assets.xcassets in Resources */ = {isa = PBXBuildFile; fileRef = D76880AF2B235CBF0038CA8A /* Assets.xcassets */; };
		D76880B32B235CBF0038CA8A /* Preview Assets.xcassets in Resources */ = {isa = PBXBuildFile; fileRef = D76880B22B235CBF0038CA8A /* Preview Assets.xcassets */; };
		D781AB7C2B30946300713763 /* TodoListCellView.swift in Sources */ = {isa = PBXBuildFile; fileRef = D781AB7B2B30946300713763 /* TodoListCellView.swift */; };
		D781AB7E2B30A93000713763 /* AddTodoButton.swift in Sources */ = {isa = PBXBuildFile; fileRef = D781AB7D2B30A93000713763 /* AddTodoButton.swift */; };
		D781D48C2B6504340038740E /* TextFieldwithTitle.swift in Sources */ = {isa = PBXBuildFile; fileRef = D781D48B2B6504340038740E /* TextFieldwithTitle.swift */; };
		D7946A1E2B4C1F140024824E /* UserInfoView.swift in Sources */ = {isa = PBXBuildFile; fileRef = D7946A1D2B4C1F140024824E /* UserInfoView.swift */; };
		D7946A202B4C74770024824E /* ProfileEditView.swift in Sources */ = {isa = PBXBuildFile; fileRef = D7946A1F2B4C74770024824E /* ProfileEditView.swift */; };
		D7946A282B4D375F0024824E /* ProfileImage.swift in Sources */ = {isa = PBXBuildFile; fileRef = D7946A272B4D375F0024824E /* ProfileImage.swift */; };
		D7B856D92B285B6500194493 /* GroupTabViewModel.swift in Sources */ = {isa = PBXBuildFile; fileRef = D7B856D82B285B6500194493 /* GroupTabViewModel.swift */; };
		D7B856DB2B285BA300194493 /* GroupTabView.swift in Sources */ = {isa = PBXBuildFile; fileRef = D7B856DA2B285BA300194493 /* GroupTabView.swift */; };
		D7B856DD2B285BD100194493 /* ChatTabView.swift in Sources */ = {isa = PBXBuildFile; fileRef = D7B856DC2B285BD100194493 /* ChatTabView.swift */; };
		D7B856DF2B287CD500194493 /* ChatTabViewModel.swift in Sources */ = {isa = PBXBuildFile; fileRef = D7B856DE2B287CD500194493 /* ChatTabViewModel.swift */; };
		D7B856E12B287D2600194493 /* MyPageTabView.swift in Sources */ = {isa = PBXBuildFile; fileRef = D7B856E02B287D2600194493 /* MyPageTabView.swift */; };
		D7B856E32B287D4800194493 /* MyPageTabViewModel.swift in Sources */ = {isa = PBXBuildFile; fileRef = D7B856E22B287D4800194493 /* MyPageTabViewModel.swift */; };
		D7B856E52B287F0900194493 /* CustomNavigationBar.swift in Sources */ = {isa = PBXBuildFile; fileRef = D7B856E42B287F0900194493 /* CustomNavigationBar.swift */; };
		D7B856EB2B28A0C500194493 /* WeekView.swift in Sources */ = {isa = PBXBuildFile; fileRef = D7B856EA2B28A0C500194493 /* WeekView.swift */; };
		D7B856ED2B28ACDA00194493 /* WeekViewModel.swift in Sources */ = {isa = PBXBuildFile; fileRef = D7B856EC2B28ACDA00194493 /* WeekViewModel.swift */; };
		D7CE74A32B46C62B004A0D68 /* UserModel.swift in Sources */ = {isa = PBXBuildFile; fileRef = D7CE74A22B46C62B004A0D68 /* UserModel.swift */; };
		D7CE74A52B46C69A004A0D68 /* GroupModel.swift in Sources */ = {isa = PBXBuildFile; fileRef = D7CE74A42B46C69A004A0D68 /* GroupModel.swift */; };
		D7CE74A72B46CAAE004A0D68 /* ChallengeModel.swift in Sources */ = {isa = PBXBuildFile; fileRef = D7CE74A62B46CAAE004A0D68 /* ChallengeModel.swift */; };
		D7FA2E002B284C6500080251 /* HomeTabViewModel.swift in Sources */ = {isa = PBXBuildFile; fileRef = D7FA2DFF2B284C6500080251 /* HomeTabViewModel.swift */; };
		D7FA2E022B284ED200080251 /* HomeTabView.swift in Sources */ = {isa = PBXBuildFile; fileRef = D7FA2E012B284ED200080251 /* HomeTabView.swift */; };
		D7FBBD102B62561B00E01FB3 /* Constants.swift in Sources */ = {isa = PBXBuildFile; fileRef = D7FBBD0F2B62561B00E01FB3 /* Constants.swift */; };
/* End PBXBuildFile section */

/* Begin PBXFileReference section */
		07711EAEBF7408D5F3FB8E7B /* Pods_DayTown.framework */ = {isa = PBXFileReference; explicitFileType = wrapper.framework; includeInIndex = 0; path = Pods_DayTown.framework; sourceTree = BUILT_PRODUCTS_DIR; };
		27E8F19DB3A76358DF89DFFC /* Pods-DayTown.release.xcconfig */ = {isa = PBXFileReference; includeInIndex = 1; lastKnownFileType = text.xcconfig; name = "Pods-DayTown.release.xcconfig"; path = "Target Support Files/Pods-DayTown/Pods-DayTown.release.xcconfig"; sourceTree = "<group>"; };
		D2716395FA0161A77E423084 /* Pods-DayTown.debug.xcconfig */ = {isa = PBXFileReference; includeInIndex = 1; lastKnownFileType = text.xcconfig; name = "Pods-DayTown.debug.xcconfig"; path = "Target Support Files/Pods-DayTown/Pods-DayTown.debug.xcconfig"; sourceTree = "<group>"; };
		D72F93B42B3EBEA30017FFEB /* AppConfig.swift */ = {isa = PBXFileReference; lastKnownFileType = sourcecode.swift; path = AppConfig.swift; sourceTree = "<group>"; };
		D72F93B62B3EBF020017FFEB /* atlasConfig.plist */ = {isa = PBXFileReference; lastKnownFileType = text.plist.xml; path = atlasConfig.plist; sourceTree = "<group>"; };
		D72F93B92B3EC2E60017FFEB /* LoginView.swift */ = {isa = PBXFileReference; lastKnownFileType = sourcecode.swift; path = LoginView.swift; sourceTree = "<group>"; };
		D72F93BB2B3ED8DA0017FFEB /* LoginViewModel.swift */ = {isa = PBXFileReference; lastKnownFileType = sourcecode.swift; path = LoginViewModel.swift; sourceTree = "<group>"; };
		D72F93BD2B3EDFC40017FFEB /* OpenRealmView.swift */ = {isa = PBXFileReference; lastKnownFileType = sourcecode.swift; path = OpenRealmView.swift; sourceTree = "<group>"; };
		D72F93BF2B3EE3730017FFEB /* ErrorView.swift */ = {isa = PBXFileReference; lastKnownFileType = sourcecode.swift; path = ErrorView.swift; sourceTree = "<group>"; };
		D72F93C12B3F4C540017FFEB /* LogoutButton.swift */ = {isa = PBXFileReference; lastKnownFileType = sourcecode.swift; path = LogoutButton.swift; sourceTree = "<group>"; };
		D754FFEF2B2CBF21005E89F1 /* TodoModel.swift */ = {isa = PBXFileReference; lastKnownFileType = sourcecode.swift; path = TodoModel.swift; sourceTree = "<group>"; };
		D7661B582B628097002ADCCE /* AddGroupView.swift */ = {isa = PBXFileReference; lastKnownFileType = sourcecode.swift; path = AddGroupView.swift; sourceTree = "<group>"; };
		D76880A82B235CBD0038CA8A /* DayTown.app */ = {isa = PBXFileReference; explicitFileType = wrapper.application; includeInIndex = 0; path = DayTown.app; sourceTree = BUILT_PRODUCTS_DIR; };
		D76880AB2B235CBD0038CA8A /* DayTownApp.swift */ = {isa = PBXFileReference; lastKnownFileType = sourcecode.swift; path = DayTownApp.swift; sourceTree = "<group>"; };
		D76880AD2B235CBD0038CA8A /* ContentView.swift */ = {isa = PBXFileReference; lastKnownFileType = sourcecode.swift; path = ContentView.swift; sourceTree = "<group>"; };
		D76880AF2B235CBF0038CA8A /* Assets.xcassets */ = {isa = PBXFileReference; lastKnownFileType = folder.assetcatalog; path = Assets.xcassets; sourceTree = "<group>"; };
		D76880B22B235CBF0038CA8A /* Preview Assets.xcassets */ = {isa = PBXFileReference; lastKnownFileType = folder.assetcatalog; path = "Preview Assets.xcassets"; sourceTree = "<group>"; };
		D781AB7B2B30946300713763 /* TodoListCellView.swift */ = {isa = PBXFileReference; lastKnownFileType = sourcecode.swift; path = TodoListCellView.swift; sourceTree = "<group>"; };
		D781AB7D2B30A93000713763 /* AddTodoButton.swift */ = {isa = PBXFileReference; lastKnownFileType = sourcecode.swift; path = AddTodoButton.swift; sourceTree = "<group>"; };
		D781D48B2B6504340038740E /* TextFieldwithTitle.swift */ = {isa = PBXFileReference; lastKnownFileType = sourcecode.swift; path = TextFieldwithTitle.swift; sourceTree = "<group>"; };
		D7946A1D2B4C1F140024824E /* UserInfoView.swift */ = {isa = PBXFileReference; lastKnownFileType = sourcecode.swift; path = UserInfoView.swift; sourceTree = "<group>"; };
		D7946A1F2B4C74770024824E /* ProfileEditView.swift */ = {isa = PBXFileReference; lastKnownFileType = sourcecode.swift; path = ProfileEditView.swift; sourceTree = "<group>"; };
		D7946A272B4D375F0024824E /* ProfileImage.swift */ = {isa = PBXFileReference; lastKnownFileType = sourcecode.swift; path = ProfileImage.swift; sourceTree = "<group>"; };
		D7B856D82B285B6500194493 /* GroupTabViewModel.swift */ = {isa = PBXFileReference; fileEncoding = 4; lastKnownFileType = sourcecode.swift; name = GroupTabViewModel.swift; path = DayTown/Features/GroupTab/GroupTabViewModel.swift; sourceTree = SOURCE_ROOT; };
		D7B856DA2B285BA300194493 /* GroupTabView.swift */ = {isa = PBXFileReference; lastKnownFileType = sourcecode.swift; path = GroupTabView.swift; sourceTree = "<group>"; };
		D7B856DC2B285BD100194493 /* ChatTabView.swift */ = {isa = PBXFileReference; lastKnownFileType = sourcecode.swift; path = ChatTabView.swift; sourceTree = "<group>"; };
		D7B856DE2B287CD500194493 /* ChatTabViewModel.swift */ = {isa = PBXFileReference; lastKnownFileType = sourcecode.swift; path = ChatTabViewModel.swift; sourceTree = "<group>"; };
		D7B856E02B287D2600194493 /* MyPageTabView.swift */ = {isa = PBXFileReference; lastKnownFileType = sourcecode.swift; path = MyPageTabView.swift; sourceTree = "<group>"; };
		D7B856E22B287D4800194493 /* MyPageTabViewModel.swift */ = {isa = PBXFileReference; lastKnownFileType = sourcecode.swift; path = MyPageTabViewModel.swift; sourceTree = "<group>"; };
		D7B856E42B287F0900194493 /* CustomNavigationBar.swift */ = {isa = PBXFileReference; lastKnownFileType = sourcecode.swift; path = CustomNavigationBar.swift; sourceTree = "<group>"; };
		D7B856EA2B28A0C500194493 /* WeekView.swift */ = {isa = PBXFileReference; lastKnownFileType = sourcecode.swift; path = WeekView.swift; sourceTree = "<group>"; };
		D7B856EC2B28ACDA00194493 /* WeekViewModel.swift */ = {isa = PBXFileReference; lastKnownFileType = sourcecode.swift; path = WeekViewModel.swift; sourceTree = "<group>"; };
		D7CE74A12B469635004A0D68 /* Info.plist */ = {isa = PBXFileReference; lastKnownFileType = text.plist; path = Info.plist; sourceTree = "<group>"; };
		D7CE74A22B46C62B004A0D68 /* UserModel.swift */ = {isa = PBXFileReference; lastKnownFileType = sourcecode.swift; path = UserModel.swift; sourceTree = "<group>"; };
		D7CE74A42B46C69A004A0D68 /* GroupModel.swift */ = {isa = PBXFileReference; lastKnownFileType = sourcecode.swift; path = GroupModel.swift; sourceTree = "<group>"; };
		D7CE74A62B46CAAE004A0D68 /* ChallengeModel.swift */ = {isa = PBXFileReference; lastKnownFileType = sourcecode.swift; path = ChallengeModel.swift; sourceTree = "<group>"; };
		D7FA2DFF2B284C6500080251 /* HomeTabViewModel.swift */ = {isa = PBXFileReference; lastKnownFileType = sourcecode.swift; path = HomeTabViewModel.swift; sourceTree = "<group>"; };
		D7FA2E012B284ED200080251 /* HomeTabView.swift */ = {isa = PBXFileReference; lastKnownFileType = sourcecode.swift; path = HomeTabView.swift; sourceTree = "<group>"; };
		D7FBBD0F2B62561B00E01FB3 /* Constants.swift */ = {isa = PBXFileReference; lastKnownFileType = sourcecode.swift; path = Constants.swift; sourceTree = "<group>"; };
/* End PBXFileReference section */

/* Begin PBXFrameworksBuildPhase section */
		D76880A52B235CBD0038CA8A /* Frameworks */ = {
			isa = PBXFrameworksBuildPhase;
			buildActionMask = 2147483647;
			files = (
				C2B15D383AB26AAE372DBA85 /* Pods_DayTown.framework in Frameworks */,
			);
			runOnlyForDeploymentPostprocessing = 0;
		};
/* End PBXFrameworksBuildPhase section */

/* Begin PBXGroup section */
		A4EA1224CE8CFC907EC4FA68 /* Pods */ = {
			isa = PBXGroup;
			children = (
				D2716395FA0161A77E423084 /* Pods-DayTown.debug.xcconfig */,
				27E8F19DB3A76358DF89DFFC /* Pods-DayTown.release.xcconfig */,
			);
			path = Pods;
			sourceTree = "<group>";
		};
		D72F93B82B3EC2D90017FFEB /* Login */ = {
			isa = PBXGroup;
			children = (
				D72F93B92B3EC2E60017FFEB /* LoginView.swift */,
				D72F93BB2B3ED8DA0017FFEB /* LoginViewModel.swift */,
			);
			path = Login;
			sourceTree = "<group>";
		};
		D768809F2B235CBD0038CA8A = {
			isa = PBXGroup;
			children = (
				D76880AA2B235CBD0038CA8A /* DayTown */,
				D76880A92B235CBD0038CA8A /* Products */,
				A4EA1224CE8CFC907EC4FA68 /* Pods */,
				F7D901A4B8CE6EE10C4F8FED /* Frameworks */,
			);
			sourceTree = "<group>";
		};
		D76880A92B235CBD0038CA8A /* Products */ = {
			isa = PBXGroup;
			children = (
				D76880A82B235CBD0038CA8A /* DayTown.app */,
			);
			name = Products;
			sourceTree = "<group>";
		};
		D76880AA2B235CBD0038CA8A /* DayTown */ = {
			isa = PBXGroup;
			children = (
				D7CE74A12B469635004A0D68 /* Info.plist */,
				D7FA2E032B28527100080251 /* Features */,
				D7FA2DF42B276B2B00080251 /* Views */,
				D7FA2DEF2B276ADB00080251 /* Models */,
				D7CE4ACE2B258B4C000206F4 /* ViewModels */,
				D76880AB2B235CBD0038CA8A /* DayTownApp.swift */,
				D7FBBD0F2B62561B00E01FB3 /* Constants.swift */,
				D72F93B42B3EBEA30017FFEB /* AppConfig.swift */,
				D76880AF2B235CBF0038CA8A /* Assets.xcassets */,
				D76880B12B235CBF0038CA8A /* Preview Content */,
				D72F93B62B3EBF020017FFEB /* atlasConfig.plist */,
			);
			path = DayTown;
			sourceTree = "<group>";
		};
		D76880B12B235CBF0038CA8A /* Preview Content */ = {
			isa = PBXGroup;
			children = (
				D76880B22B235CBF0038CA8A /* Preview Assets.xcassets */,
			);
			path = "Preview Content";
			sourceTree = "<group>";
		};
		D7B856D52B285B2700194493 /* GroupTab */ = {
			isa = PBXGroup;
			children = (
				D7B856D82B285B6500194493 /* GroupTabViewModel.swift */,
				D7B856DA2B285BA300194493 /* GroupTabView.swift */,
				D7661B582B628097002ADCCE /* AddGroupView.swift */,
			);
			path = GroupTab;
			sourceTree = "<group>";
		};
		D7B856D62B285B2F00194493 /* ChatTab */ = {
			isa = PBXGroup;
			children = (
				D7B856DE2B287CD500194493 /* ChatTabViewModel.swift */,
				D7B856DC2B285BD100194493 /* ChatTabView.swift */,
			);
			path = ChatTab;
			sourceTree = "<group>";
		};
		D7B856D72B285B3C00194493 /* MyPageTab */ = {
			isa = PBXGroup;
			children = (
				D7B856E22B287D4800194493 /* MyPageTabViewModel.swift */,
				D7B856E02B287D2600194493 /* MyPageTabView.swift */,
				D72F93C12B3F4C540017FFEB /* LogoutButton.swift */,
				D7946A1D2B4C1F140024824E /* UserInfoView.swift */,
				D7946A1F2B4C74770024824E /* ProfileEditView.swift */,
			);
			path = MyPageTab;
			sourceTree = "<group>";
		};
		D7CE4ACE2B258B4C000206F4 /* ViewModels */ = {
			isa = PBXGroup;
			children = (
				D7B856EC2B28ACDA00194493 /* WeekViewModel.swift */,
			);
			path = ViewModels;
			sourceTree = "<group>";
		};
		D7FA2DEF2B276ADB00080251 /* Models */ = {
			isa = PBXGroup;
			children = (
				D754FFEF2B2CBF21005E89F1 /* TodoModel.swift */,
				D7CE74A22B46C62B004A0D68 /* UserModel.swift */,
				D7CE74A42B46C69A004A0D68 /* GroupModel.swift */,
				D7CE74A62B46CAAE004A0D68 /* ChallengeModel.swift */,
			);
			path = Models;
			sourceTree = "<group>";
		};
		D7FA2DF42B276B2B00080251 /* Views */ = {
			isa = PBXGroup;
			children = (
				D76880AD2B235CBD0038CA8A /* ContentView.swift */,
				D7B856E42B287F0900194493 /* CustomNavigationBar.swift */,
				D7B856EA2B28A0C500194493 /* WeekView.swift */,
				D72F93BD2B3EDFC40017FFEB /* OpenRealmView.swift */,
				D72F93BF2B3EE3730017FFEB /* ErrorView.swift */,
				D7946A272B4D375F0024824E /* ProfileImage.swift */,
				D781D48B2B6504340038740E /* TextFieldwithTitle.swift */,
			);
			path = Views;
			sourceTree = "<group>";
		};
		D7FA2E032B28527100080251 /* Features */ = {
			isa = PBXGroup;
			children = (
				D72F93B82B3EC2D90017FFEB /* Login */,
				D7FA2E062B28529300080251 /* HomeTab */,
				D7B856D72B285B3C00194493 /* MyPageTab */,
				D7B856D62B285B2F00194493 /* ChatTab */,
				D7B856D52B285B2700194493 /* GroupTab */,
			);
			path = Features;
			sourceTree = "<group>";
		};
		D7FA2E062B28529300080251 /* HomeTab */ = {
			isa = PBXGroup;
			children = (
				D7FA2DFF2B284C6500080251 /* HomeTabViewModel.swift */,
				D7FA2E012B284ED200080251 /* HomeTabView.swift */,
				D781AB7B2B30946300713763 /* TodoListCellView.swift */,
				D781AB7D2B30A93000713763 /* AddTodoButton.swift */,
			);
			path = HomeTab;
			sourceTree = "<group>";
		};
		F7D901A4B8CE6EE10C4F8FED /* Frameworks */ = {
			isa = PBXGroup;
			children = (
				07711EAEBF7408D5F3FB8E7B /* Pods_DayTown.framework */,
			);
			name = Frameworks;
			sourceTree = "<group>";
		};
/* End PBXGroup section */

/* Begin PBXNativeTarget section */
		D76880A72B235CBD0038CA8A /* DayTown */ = {
			isa = PBXNativeTarget;
			buildConfigurationList = D76880B62B235CBF0038CA8A /* Build configuration list for PBXNativeTarget "DayTown" */;
			buildPhases = (
				B6C973042BC9F6CE7C632E9E /* [CP] Check Pods Manifest.lock */,
				D76880A42B235CBD0038CA8A /* Sources */,
				D76880A52B235CBD0038CA8A /* Frameworks */,
				D76880A62B235CBD0038CA8A /* Resources */,
				09DF00377550396859AE4795 /* [CP] Embed Pods Frameworks */,
			);
			buildRules = (
			);
			dependencies = (
			);
			name = DayTown;
			productName = DayTown;
			productReference = D76880A82B235CBD0038CA8A /* DayTown.app */;
			productType = "com.apple.product-type.application";
		};
/* End PBXNativeTarget section */

/* Begin PBXProject section */
		D76880A02B235CBD0038CA8A /* Project object */ = {
			isa = PBXProject;
			attributes = {
				BuildIndependentTargetsInParallel = 1;
				LastSwiftUpdateCheck = 1500;
				LastUpgradeCheck = 1500;
				TargetAttributes = {
					D76880A72B235CBD0038CA8A = {
						CreatedOnToolsVersion = 15.0.1;
					};
				};
			};
			buildConfigurationList = D76880A32B235CBD0038CA8A /* Build configuration list for PBXProject "DayTown" */;
			compatibilityVersion = "Xcode 14.0";
			developmentRegion = en;
			hasScannedForEncodings = 0;
			knownRegions = (
				en,
				Base,
			);
			mainGroup = D768809F2B235CBD0038CA8A;
			productRefGroup = D76880A92B235CBD0038CA8A /* Products */;
			projectDirPath = "";
			projectRoot = "";
			targets = (
				D76880A72B235CBD0038CA8A /* DayTown */,
			);
		};
/* End PBXProject section */

/* Begin PBXResourcesBuildPhase section */
		D76880A62B235CBD0038CA8A /* Resources */ = {
			isa = PBXResourcesBuildPhase;
			buildActionMask = 2147483647;
			files = (
				D76880B32B235CBF0038CA8A /* Preview Assets.xcassets in Resources */,
				D72F93B72B3EBF020017FFEB /* atlasConfig.plist in Resources */,
				D76880B02B235CBF0038CA8A /* Assets.xcassets in Resources */,
			);
			runOnlyForDeploymentPostprocessing = 0;
		};
/* End PBXResourcesBuildPhase section */

/* Begin PBXShellScriptBuildPhase section */
		09DF00377550396859AE4795 /* [CP] Embed Pods Frameworks */ = {
			isa = PBXShellScriptBuildPhase;
			buildActionMask = 2147483647;
			files = (
			);
			inputFileListPaths = (
				"${PODS_ROOT}/Target Support Files/Pods-DayTown/Pods-DayTown-frameworks-${CONFIGURATION}-input-files.xcfilelist",
			);
			name = "[CP] Embed Pods Frameworks";
			outputFileListPaths = (
				"${PODS_ROOT}/Target Support Files/Pods-DayTown/Pods-DayTown-frameworks-${CONFIGURATION}-output-files.xcfilelist",
			);
			runOnlyForDeploymentPostprocessing = 0;
			shellPath = /bin/sh;
			shellScript = "\"${PODS_ROOT}/Target Support Files/Pods-DayTown/Pods-DayTown-frameworks.sh\"\n";
			showEnvVarsInLog = 0;
		};
		B6C973042BC9F6CE7C632E9E /* [CP] Check Pods Manifest.lock */ = {
			isa = PBXShellScriptBuildPhase;
			buildActionMask = 2147483647;
			files = (
			);
			inputFileListPaths = (
			);
			inputPaths = (
				"${PODS_PODFILE_DIR_PATH}/Podfile.lock",
				"${PODS_ROOT}/Manifest.lock",
			);
			name = "[CP] Check Pods Manifest.lock";
			outputFileListPaths = (
			);
			outputPaths = (
				"$(DERIVED_FILE_DIR)/Pods-DayTown-checkManifestLockResult.txt",
			);
			runOnlyForDeploymentPostprocessing = 0;
			shellPath = /bin/sh;
			shellScript = "diff \"${PODS_PODFILE_DIR_PATH}/Podfile.lock\" \"${PODS_ROOT}/Manifest.lock\" > /dev/null\nif [ $? != 0 ] ; then\n    # print error to STDERR\n    echo \"error: The sandbox is not in sync with the Podfile.lock. Run 'pod install' or update your CocoaPods installation.\" >&2\n    exit 1\nfi\n# This output is used by Xcode 'outputs' to avoid re-running this script phase.\necho \"SUCCESS\" > \"${SCRIPT_OUTPUT_FILE_0}\"\n";
			showEnvVarsInLog = 0;
		};
/* End PBXShellScriptBuildPhase section */

/* Begin PBXSourcesBuildPhase section */
		D76880A42B235CBD0038CA8A /* Sources */ = {
			isa = PBXSourcesBuildPhase;
			buildActionMask = 2147483647;
			files = (
				D72F93BE2B3EDFC40017FFEB /* OpenRealmView.swift in Sources */,
				D7CE74A52B46C69A004A0D68 /* GroupModel.swift in Sources */,
				D7946A202B4C74770024824E /* ProfileEditView.swift in Sources */,
				D7B856E52B287F0900194493 /* CustomNavigationBar.swift in Sources */,
				D754FFF02B2CBF21005E89F1 /* TodoModel.swift in Sources */,
				D7FBBD102B62561B00E01FB3 /* Constants.swift in Sources */,
				D7B856E32B287D4800194493 /* MyPageTabViewModel.swift in Sources */,
				D7B856D92B285B6500194493 /* GroupTabViewModel.swift in Sources */,
				D76880AE2B235CBD0038CA8A /* ContentView.swift in Sources */,
				D7CE74A72B46CAAE004A0D68 /* ChallengeModel.swift in Sources */,
				D7B856E12B287D2600194493 /* MyPageTabView.swift in Sources */,
				D72F93C02B3EE3730017FFEB /* ErrorView.swift in Sources */,
				D72F93B52B3EBEA30017FFEB /* AppConfig.swift in Sources */,
				D7B856DB2B285BA300194493 /* GroupTabView.swift in Sources */,
				D7946A282B4D375F0024824E /* ProfileImage.swift in Sources */,
				D7CE74A32B46C62B004A0D68 /* UserModel.swift in Sources */,
				D781AB7C2B30946300713763 /* TodoListCellView.swift in Sources */,
				D7FA2E022B284ED200080251 /* HomeTabView.swift in Sources */,
				D781D48C2B6504340038740E /* TextFieldwithTitle.swift in Sources */,
				D76880AC2B235CBD0038CA8A /* DayTownApp.swift in Sources */,
				D781AB7E2B30A93000713763 /* AddTodoButton.swift in Sources */,
				D7B856DF2B287CD500194493 /* ChatTabViewModel.swift in Sources */,
				D7946A1E2B4C1F140024824E /* UserInfoView.swift in Sources */,
				D7B856DD2B285BD100194493 /* ChatTabView.swift in Sources */,
				D7B856EB2B28A0C500194493 /* WeekView.swift in Sources */,
				D7FA2E002B284C6500080251 /* HomeTabViewModel.swift in Sources */,
				D72F93C22B3F4C540017FFEB /* LogoutButton.swift in Sources */,
				D7B856ED2B28ACDA00194493 /* WeekViewModel.swift in Sources */,
				D72F93BA2B3EC2E60017FFEB /* LoginView.swift in Sources */,
				D72F93BC2B3ED8DA0017FFEB /* LoginViewModel.swift in Sources */,
				D7661B592B628097002ADCCE /* AddGroupView.swift in Sources */,
			);
			runOnlyForDeploymentPostprocessing = 0;
		};
/* End PBXSourcesBuildPhase section */

/* Begin XCBuildConfiguration section */
		D76880B42B235CBF0038CA8A /* Debug */ = {
			isa = XCBuildConfiguration;
			buildSettings = {
				ALWAYS_SEARCH_USER_PATHS = NO;
				ASSETCATALOG_COMPILER_GENERATE_SWIFT_ASSET_SYMBOL_EXTENSIONS = YES;
				CLANG_ANALYZER_NONNULL = YES;
				CLANG_ANALYZER_NUMBER_OBJECT_CONVERSION = YES_AGGRESSIVE;
				CLANG_CXX_LANGUAGE_STANDARD = "gnu++20";
				CLANG_ENABLE_MODULES = YES;
				CLANG_ENABLE_OBJC_ARC = YES;
				CLANG_ENABLE_OBJC_WEAK = YES;
				CLANG_WARN_BLOCK_CAPTURE_AUTORELEASING = YES;
				CLANG_WARN_BOOL_CONVERSION = YES;
				CLANG_WARN_COMMA = YES;
				CLANG_WARN_CONSTANT_CONVERSION = YES;
				CLANG_WARN_DEPRECATED_OBJC_IMPLEMENTATIONS = YES;
				CLANG_WARN_DIRECT_OBJC_ISA_USAGE = YES_ERROR;
				CLANG_WARN_DOCUMENTATION_COMMENTS = YES;
				CLANG_WARN_EMPTY_BODY = YES;
				CLANG_WARN_ENUM_CONVERSION = YES;
				CLANG_WARN_INFINITE_RECURSION = YES;
				CLANG_WARN_INT_CONVERSION = YES;
				CLANG_WARN_NON_LITERAL_NULL_CONVERSION = YES;
				CLANG_WARN_OBJC_IMPLICIT_RETAIN_SELF = YES;
				CLANG_WARN_OBJC_LITERAL_CONVERSION = YES;
				CLANG_WARN_OBJC_ROOT_CLASS = YES_ERROR;
				CLANG_WARN_QUOTED_INCLUDE_IN_FRAMEWORK_HEADER = YES;
				CLANG_WARN_RANGE_LOOP_ANALYSIS = YES;
				CLANG_WARN_STRICT_PROTOTYPES = YES;
				CLANG_WARN_SUSPICIOUS_MOVE = YES;
				CLANG_WARN_UNGUARDED_AVAILABILITY = YES_AGGRESSIVE;
				CLANG_WARN_UNREACHABLE_CODE = YES;
				CLANG_WARN__DUPLICATE_METHOD_MATCH = YES;
				COPY_PHASE_STRIP = NO;
				DEBUG_INFORMATION_FORMAT = dwarf;
				ENABLE_STRICT_OBJC_MSGSEND = YES;
				ENABLE_TESTABILITY = YES;
				ENABLE_USER_SCRIPT_SANDBOXING = NO;
				GCC_C_LANGUAGE_STANDARD = gnu17;
				GCC_DYNAMIC_NO_PIC = NO;
				GCC_NO_COMMON_BLOCKS = YES;
				GCC_OPTIMIZATION_LEVEL = 0;
				GCC_PREPROCESSOR_DEFINITIONS = (
					"DEBUG=1",
					"$(inherited)",
				);
				GCC_WARN_64_TO_32_BIT_CONVERSION = YES;
				GCC_WARN_ABOUT_RETURN_TYPE = YES_ERROR;
				GCC_WARN_UNDECLARED_SELECTOR = YES;
				GCC_WARN_UNINITIALIZED_AUTOS = YES_AGGRESSIVE;
				GCC_WARN_UNUSED_FUNCTION = YES;
				GCC_WARN_UNUSED_VARIABLE = YES;
				IPHONEOS_DEPLOYMENT_TARGET = 17.0;
				LOCALIZATION_PREFERS_STRING_CATALOGS = YES;
				MTL_ENABLE_DEBUG_INFO = INCLUDE_SOURCE;
				MTL_FAST_MATH = YES;
				ONLY_ACTIVE_ARCH = YES;
				SDKROOT = iphoneos;
				SWIFT_ACTIVE_COMPILATION_CONDITIONS = "DEBUG $(inherited)";
				SWIFT_OPTIMIZATION_LEVEL = "-Onone";
			};
			name = Debug;
		};
		D76880B52B235CBF0038CA8A /* Release */ = {
			isa = XCBuildConfiguration;
			buildSettings = {
				ALWAYS_SEARCH_USER_PATHS = NO;
				ASSETCATALOG_COMPILER_GENERATE_SWIFT_ASSET_SYMBOL_EXTENSIONS = YES;
				CLANG_ANALYZER_NONNULL = YES;
				CLANG_ANALYZER_NUMBER_OBJECT_CONVERSION = YES_AGGRESSIVE;
				CLANG_CXX_LANGUAGE_STANDARD = "gnu++20";
				CLANG_ENABLE_MODULES = YES;
				CLANG_ENABLE_OBJC_ARC = YES;
				CLANG_ENABLE_OBJC_WEAK = YES;
				CLANG_WARN_BLOCK_CAPTURE_AUTORELEASING = YES;
				CLANG_WARN_BOOL_CONVERSION = YES;
				CLANG_WARN_COMMA = YES;
				CLANG_WARN_CONSTANT_CONVERSION = YES;
				CLANG_WARN_DEPRECATED_OBJC_IMPLEMENTATIONS = YES;
				CLANG_WARN_DIRECT_OBJC_ISA_USAGE = YES_ERROR;
				CLANG_WARN_DOCUMENTATION_COMMENTS = YES;
				CLANG_WARN_EMPTY_BODY = YES;
				CLANG_WARN_ENUM_CONVERSION = YES;
				CLANG_WARN_INFINITE_RECURSION = YES;
				CLANG_WARN_INT_CONVERSION = YES;
				CLANG_WARN_NON_LITERAL_NULL_CONVERSION = YES;
				CLANG_WARN_OBJC_IMPLICIT_RETAIN_SELF = YES;
				CLANG_WARN_OBJC_LITERAL_CONVERSION = YES;
				CLANG_WARN_OBJC_ROOT_CLASS = YES_ERROR;
				CLANG_WARN_QUOTED_INCLUDE_IN_FRAMEWORK_HEADER = YES;
				CLANG_WARN_RANGE_LOOP_ANALYSIS = YES;
				CLANG_WARN_STRICT_PROTOTYPES = YES;
				CLANG_WARN_SUSPICIOUS_MOVE = YES;
				CLANG_WARN_UNGUARDED_AVAILABILITY = YES_AGGRESSIVE;
				CLANG_WARN_UNREACHABLE_CODE = YES;
				CLANG_WARN__DUPLICATE_METHOD_MATCH = YES;
				COPY_PHASE_STRIP = NO;
				DEBUG_INFORMATION_FORMAT = "dwarf-with-dsym";
				ENABLE_NS_ASSERTIONS = NO;
				ENABLE_STRICT_OBJC_MSGSEND = YES;
				ENABLE_USER_SCRIPT_SANDBOXING = NO;
				GCC_C_LANGUAGE_STANDARD = gnu17;
				GCC_NO_COMMON_BLOCKS = YES;
				GCC_WARN_64_TO_32_BIT_CONVERSION = YES;
				GCC_WARN_ABOUT_RETURN_TYPE = YES_ERROR;
				GCC_WARN_UNDECLARED_SELECTOR = YES;
				GCC_WARN_UNINITIALIZED_AUTOS = YES_AGGRESSIVE;
				GCC_WARN_UNUSED_FUNCTION = YES;
				GCC_WARN_UNUSED_VARIABLE = YES;
				IPHONEOS_DEPLOYMENT_TARGET = 17.0;
				LOCALIZATION_PREFERS_STRING_CATALOGS = YES;
				MTL_ENABLE_DEBUG_INFO = NO;
				MTL_FAST_MATH = YES;
				SDKROOT = iphoneos;
				SWIFT_COMPILATION_MODE = wholemodule;
				VALIDATE_PRODUCT = YES;
			};
			name = Release;
		};
		D76880B72B235CBF0038CA8A /* Debug */ = {
			isa = XCBuildConfiguration;
			baseConfigurationReference = D2716395FA0161A77E423084 /* Pods-DayTown.debug.xcconfig */;
			buildSettings = {
				ASSETCATALOG_COMPILER_APPICON_NAME = AppIcon;
				ASSETCATALOG_COMPILER_GLOBAL_ACCENT_COLOR_NAME = AccentColor;
				CODE_SIGN_STYLE = Automatic;
				CURRENT_PROJECT_VERSION = 1;
				DEVELOPMENT_ASSET_PATHS = "\"DayTown/Preview Content\"";
				DEVELOPMENT_TEAM = 8MY8P7FRAH;
				ENABLE_PREVIEWS = YES;
				GENERATE_INFOPLIST_FILE = YES;
				INFOPLIST_FILE = DayTown/Info.plist;
				INFOPLIST_KEY_UIApplicationSceneManifest_Generation = YES;
				INFOPLIST_KEY_UIApplicationSupportsIndirectInputEvents = YES;
				INFOPLIST_KEY_UILaunchScreen_Generation = YES;
				INFOPLIST_KEY_UISupportedInterfaceOrientations_iPad = "UIInterfaceOrientationPortrait UIInterfaceOrientationPortraitUpsideDown UIInterfaceOrientationLandscapeLeft UIInterfaceOrientationLandscapeRight";
				INFOPLIST_KEY_UISupportedInterfaceOrientations_iPhone = "UIInterfaceOrientationPortrait UIInterfaceOrientationLandscapeLeft UIInterfaceOrientationLandscapeRight";
				IPHONEOS_DEPLOYMENT_TARGET = 17.0;
				LD_RUNPATH_SEARCH_PATHS = (
					"$(inherited)",
					"@executable_path/Frameworks",
				);
				MARKETING_VERSION = 1.0;
				PRODUCT_BUNDLE_IDENTIFIER = com.mayeonn.DayTown;
				PRODUCT_NAME = "$(TARGET_NAME)";
				SWIFT_EMIT_LOC_STRINGS = YES;
				SWIFT_VERSION = 5.0;
				TARGETED_DEVICE_FAMILY = "1,2";
			};
			name = Debug;
		};
		D76880B82B235CBF0038CA8A /* Release */ = {
			isa = XCBuildConfiguration;
			baseConfigurationReference = 27E8F19DB3A76358DF89DFFC /* Pods-DayTown.release.xcconfig */;
			buildSettings = {
				ASSETCATALOG_COMPILER_APPICON_NAME = AppIcon;
				ASSETCATALOG_COMPILER_GLOBAL_ACCENT_COLOR_NAME = AccentColor;
				CODE_SIGN_STYLE = Automatic;
				CURRENT_PROJECT_VERSION = 1;
				DEVELOPMENT_ASSET_PATHS = "\"DayTown/Preview Content\"";
				DEVELOPMENT_TEAM = 8MY8P7FRAH;
				ENABLE_PREVIEWS = YES;
				GENERATE_INFOPLIST_FILE = YES;
				INFOPLIST_FILE = DayTown/Info.plist;
				INFOPLIST_KEY_UIApplicationSceneManifest_Generation = YES;
				INFOPLIST_KEY_UIApplicationSupportsIndirectInputEvents = YES;
				INFOPLIST_KEY_UILaunchScreen_Generation = YES;
				INFOPLIST_KEY_UISupportedInterfaceOrientations_iPad = "UIInterfaceOrientationPortrait UIInterfaceOrientationPortraitUpsideDown UIInterfaceOrientationLandscapeLeft UIInterfaceOrientationLandscapeRight";
				INFOPLIST_KEY_UISupportedInterfaceOrientations_iPhone = "UIInterfaceOrientationPortrait UIInterfaceOrientationLandscapeLeft UIInterfaceOrientationLandscapeRight";
				IPHONEOS_DEPLOYMENT_TARGET = 17.0;
				LD_RUNPATH_SEARCH_PATHS = (
					"$(inherited)",
					"@executable_path/Frameworks",
				);
				MARKETING_VERSION = 1.0;
				PRODUCT_BUNDLE_IDENTIFIER = com.mayeonn.DayTown;
				PRODUCT_NAME = "$(TARGET_NAME)";
				SWIFT_EMIT_LOC_STRINGS = YES;
				SWIFT_VERSION = 5.0;
				TARGETED_DEVICE_FAMILY = "1,2";
			};
			name = Release;
		};
/* End XCBuildConfiguration section */

/* Begin XCConfigurationList section */
		D76880A32B235CBD0038CA8A /* Build configuration list for PBXProject "DayTown" */ = {
			isa = XCConfigurationList;
			buildConfigurations = (
				D76880B42B235CBF0038CA8A /* Debug */,
				D76880B52B235CBF0038CA8A /* Release */,
			);
			defaultConfigurationIsVisible = 0;
			defaultConfigurationName = Release;
		};
		D76880B62B235CBF0038CA8A /* Build configuration list for PBXNativeTarget "DayTown" */ = {
			isa = XCConfigurationList;
			buildConfigurations = (
				D76880B72B235CBF0038CA8A /* Debug */,
				D76880B82B235CBF0038CA8A /* Release */,
			);
			defaultConfigurationIsVisible = 0;
			defaultConfigurationName = Release;
		};
/* End XCConfigurationList section */
	};
	rootObject = D76880A02B235CBD0038CA8A /* Project object */;
}
